
Microsoft Visual Studio Solution File, Format Version 12.00
# Visual Studio Version 17
VisualStudioVersion = 17.13.35931.197 d17.13
MinimumVisualStudioVersion = 10.0.40219.1
Project("{FAE04EC0-301F-11D3-BF4B-00C04F79EFBC}") = "TennisScore", "TennisScore\TennisScore.csproj", "{92A6502A-52AB-4C54-8FE5-CA152230350F}"
EndProject
Global
	GlobalSection(SolutionConfigurationPlatforms) = preSolution
		Debug|Any CPU = Debug|Any CPU
		Release|Any CPU = Release|Any CPU
	EndGlobalSection
	GlobalSection(ProjectConfigurationPlatforms) = postSolution
		{92A6502A-52AB-4C54-8FE5-CA152230350F}.Debug|Any CPU.ActiveCfg = Debug|Any CPU
		{92A6502A-52AB-4C54-8FE5-CA152230350F}.Debug|Any CPU.Build.0 = Debug|Any CPU
		{92A6502A-52AB-4C54-8FE5-CA152230350F}.Release|Any CPU.ActiveCfg = Release|Any CPU
		{92A6502A-52AB-4C54-8FE5-CA152230350F}.Release|Any CPU.Build.0 = Release|Any CPU
	EndGlobalSection
	GlobalSection(SolutionProperties) = preSolution
		HideSolutionNode = FALSE
	EndGlobalSection
	GlobalSection(ExtensibilityGlobals) = postSolution
		SolutionGuid = {138F3360-AD17-4732-A476-DE28C0D07EDA}
	EndGlobalSection
EndGlobal
